
Microsoft Visual Studio Solution File, Format Version 12.00
# Visual Studio 15
VisualStudioVersion = 15.0.27130.2027
MinimumVisualStudioVersion = 10.0.40219.1
Project("{FAE04EC0-301F-11D3-BF4B-00C04F79EFBC}") = "RidoClassicWPF", "RidoClassicWPF\RidoClassicWPF.csproj", "{66E750A2-BCDC-4486-8252-8BF0693F2F25}"
EndProject
Project("{FAE04EC0-301F-11D3-BF4B-00C04F79EFBC}") = "HttpPing", "HttpPing\HttpPing.csproj", "{1CCF710A-072C-46AC-9D0F-B3B021288C46}"
EndProject
Project("{FAE04EC0-301F-11D3-BF4B-00C04F79EFBC}") = "HttpPing.Head", "HttpPing.Head\HttpPing.Head.csproj", "{14ED5135-2FBD-4AFD-8636-26F544940958}"
EndProject
Project("{C7167F0D-BC9F-4E6E-AFE1-012C56B48DB5}") = "BTTF", "BTTF\BTTF.wapproj", "{FC069DC3-08AD-4EB9-B18C-E922E9D1AE64}"
EndProject
Global
	GlobalSection(SolutionConfigurationPlatforms) = preSolution
		Debug|Any CPU = Debug|Any CPU
		Debug|ARM = Debug|ARM
		Debug|x64 = Debug|x64
		Debug|x86 = Debug|x86
		Release|Any CPU = Release|Any CPU
		Release|ARM = Release|ARM
		Release|x64 = Release|x64
		Release|x86 = Release|x86
	EndGlobalSection
	GlobalSection(ProjectConfigurationPlatforms) = postSolution
		{66E750A2-BCDC-4486-8252-8BF0693F2F25}.Debug|Any CPU.ActiveCfg = Debug|Any CPU
		{66E750A2-BCDC-4486-8252-8BF0693F2F25}.Debug|Any CPU.Build.0 = Debug|Any CPU
		{66E750A2-BCDC-4486-8252-8BF0693F2F25}.Debug|ARM.ActiveCfg = Debug|Any CPU
		{66E750A2-BCDC-4486-8252-8BF0693F2F25}.Debug|ARM.Build.0 = Debug|Any CPU
		{66E750A2-BCDC-4486-8252-8BF0693F2F25}.Debug|x64.ActiveCfg = Debug|Any CPU
		{66E750A2-BCDC-4486-8252-8BF0693F2F25}.Debug|x64.Build.0 = Debug|Any CPU
		{66E750A2-BCDC-4486-8252-8BF0693F2F25}.Debug|x86.ActiveCfg = Debug|Any CPU
		{66E750A2-BCDC-4486-8252-8BF0693F2F25}.Debug|x86.Build.0 = Debug|Any CPU
		{66E750A2-BCDC-4486-8252-8BF0693F2F25}.Release|Any CPU.ActiveCfg = Release|Any CPU
		{66E750A2-BCDC-4486-8252-8BF0693F2F25}.Release|Any CPU.Build.0 = Release|Any CPU
		{66E750A2-BCDC-4486-8252-8BF0693F2F25}.Release|ARM.ActiveCfg = Release|Any CPU
		{66E750A2-BCDC-4486-8252-8BF0693F2F25}.Release|ARM.Build.0 = Release|Any CPU
		{66E750A2-BCDC-4486-8252-8BF0693F2F25}.Release|x64.ActiveCfg = Release|Any CPU
		{66E750A2-BCDC-4486-8252-8BF0693F2F25}.Release|x64.Build.0 = Release|Any CPU
		{66E750A2-BCDC-4486-8252-8BF0693F2F25}.Release|x86.ActiveCfg = Release|Any CPU
		{66E750A2-BCDC-4486-8252-8BF0693F2F25}.Release|x86.Build.0 = Release|Any CPU
		{1CCF710A-072C-46AC-9D0F-B3B021288C46}.Debug|Any CPU.ActiveCfg = Debug|Any CPU
		{1CCF710A-072C-46AC-9D0F-B3B021288C46}.Debug|Any CPU.Build.0 = Debug|Any CPU
		{1CCF710A-072C-46AC-9D0F-B3B021288C46}.Debug|ARM.ActiveCfg = Debug|ARM
		{1CCF710A-072C-46AC-9D0F-B3B021288C46}.Debug|ARM.Build.0 = Debug|ARM
		{1CCF710A-072C-46AC-9D0F-B3B021288C46}.Debug|x64.ActiveCfg = Debug|x64
		{1CCF710A-072C-46AC-9D0F-B3B021288C46}.Debug|x64.Build.0 = Debug|x64
		{1CCF710A-072C-46AC-9D0F-B3B021288C46}.Debug|x86.ActiveCfg = Debug|x86
		{1CCF710A-072C-46AC-9D0F-B3B021288C46}.Debug|x86.Build.0 = Debug|x86
		{1CCF710A-072C-46AC-9D0F-B3B021288C46}.Release|Any CPU.ActiveCfg = Release|Any CPU
		{1CCF710A-072C-46AC-9D0F-B3B021288C46}.Release|Any CPU.Build.0 = Release|Any CPU
		{1CCF710A-072C-46AC-9D0F-B3B021288C46}.Release|ARM.ActiveCfg = Release|ARM
		{1CCF710A-072C-46AC-9D0F-B3B021288C46}.Release|ARM.Build.0 = Release|ARM
		{1CCF710A-072C-46AC-9D0F-B3B021288C46}.Release|x64.ActiveCfg = Release|x64
		{1CCF710A-072C-46AC-9D0F-B3B021288C46}.Release|x64.Build.0 = Release|x64
		{1CCF710A-072C-46AC-9D0F-B3B021288C46}.Release|x86.ActiveCfg = Release|x86
		{1CCF710A-072C-46AC-9D0F-B3B021288C46}.Release|x86.Build.0 = Release|x86
		{14ED5135-2FBD-4AFD-8636-26F544940958}.Debug|Any CPU.ActiveCfg = Debug|x86
		{14ED5135-2FBD-4AFD-8636-26F544940958}.Debug|ARM.ActiveCfg = Debug|ARM
		{14ED5135-2FBD-4AFD-8636-26F544940958}.Debug|ARM.Build.0 = Debug|ARM
		{14ED5135-2FBD-4AFD-8636-26F544940958}.Debug|ARM.Deploy.0 = Debug|ARM
		{14ED5135-2FBD-4AFD-8636-26F544940958}.Debug|x64.ActiveCfg = Debug|x64
		{14ED5135-2FBD-4AFD-8636-26F544940958}.Debug|x64.Build.0 = Debug|x64
		{14ED5135-2FBD-4AFD-8636-26F544940958}.Debug|x86.ActiveCfg = Debug|x86
		{14ED5135-2FBD-4AFD-8636-26F544940958}.Debug|x86.Build.0 = Debug|x86
		{14ED5135-2FBD-4AFD-8636-26F544940958}.Release|Any CPU.ActiveCfg = Release|x86
		{14ED5135-2FBD-4AFD-8636-26F544940958}.Release|ARM.ActiveCfg = Release|ARM
		{14ED5135-2FBD-4AFD-8636-26F544940958}.Release|ARM.Build.0 = Release|ARM
		{14ED5135-2FBD-4AFD-8636-26F544940958}.Release|ARM.Deploy.0 = Release|ARM
		{14ED5135-2FBD-4AFD-8636-26F544940958}.Release|x64.ActiveCfg = Release|x64
		{14ED5135-2FBD-4AFD-8636-26F544940958}.Release|x64.Build.0 = Release|x64
		{14ED5135-2FBD-4AFD-8636-26F544940958}.Release|x64.Deploy.0 = Release|x64
		{14ED5135-2FBD-4AFD-8636-26F544940958}.Release|x86.ActiveCfg = Release|x86
		{14ED5135-2FBD-4AFD-8636-26F544940958}.Release|x86.Build.0 = Release|x86
		{FC069DC3-08AD-4EB9-B18C-E922E9D1AE64}.Debug|Any CPU.ActiveCfg = Debug|Any CPU
		{FC069DC3-08AD-4EB9-B18C-E922E9D1AE64}.Debug|Any CPU.Build.0 = Debug|Any CPU
		{FC069DC3-08AD-4EB9-B18C-E922E9D1AE64}.Debug|Any CPU.Deploy.0 = Debug|Any CPU
		{FC069DC3-08AD-4EB9-B18C-E922E9D1AE64}.Debug|ARM.ActiveCfg = Debug|Any CPU
		{FC069DC3-08AD-4EB9-B18C-E922E9D1AE64}.Debug|ARM.Build.0 = Debug|Any CPU
		{FC069DC3-08AD-4EB9-B18C-E922E9D1AE64}.Debug|ARM.Deploy.0 = Debug|Any CPU
		{FC069DC3-08AD-4EB9-B18C-E922E9D1AE64}.Debug|x64.ActiveCfg = Debug|x64
		{FC069DC3-08AD-4EB9-B18C-E922E9D1AE64}.Debug|x64.Build.0 = Debug|x64
		{FC069DC3-08AD-4EB9-B18C-E922E9D1AE64}.Debug|x64.Deploy.0 = Debug|x64
		{FC069DC3-08AD-4EB9-B18C-E922E9D1AE64}.Debug|x86.ActiveCfg = Debug|x86
		{FC069DC3-08AD-4EB9-B18C-E922E9D1AE64}.Debug|x86.Build.0 = Debug|x86
		{FC069DC3-08AD-4EB9-B18C-E922E9D1AE64}.Debug|x86.Deploy.0 = Debug|x86
		{FC069DC3-08AD-4EB9-B18C-E922E9D1AE64}.Release|Any CPU.ActiveCfg = Release|Any CPU
		{FC069DC3-08AD-4EB9-B18C-E922E9D1AE64}.Release|Any CPU.Build.0 = Release|Any CPU
		{FC069DC3-08AD-4EB9-B18C-E922E9D1AE64}.Release|Any CPU.Deploy.0 = Release|Any CPU
		{FC069DC3-08AD-4EB9-B18C-E922E9D1AE64}.Release|ARM.ActiveCfg = Release|Any CPU
		{FC069DC3-08AD-4EB9-B18C-E922E9D1AE64}.Release|ARM.Build.0 = Release|Any CPU
		{FC069DC3-08AD-4EB9-B18C-E922E9D1AE64}.Release|ARM.Deploy.0 = Release|Any CPU
		{FC069DC3-08AD-4EB9-B18C-E922E9D1AE64}.Release|x64.ActiveCfg = Release|x64
		{FC069DC3-08AD-4EB9-B18C-E922E9D1AE64}.Release|x64.Build.0 = Release|x64
		{FC069DC3-08AD-4EB9-B18C-E922E9D1AE64}.Release|x64.Deploy.0 = Release|x64
		{FC069DC3-08AD-4EB9-B18C-E922E9D1AE64}.Release|x86.ActiveCfg = Release|x86
		{FC069DC3-08AD-4EB9-B18C-E922E9D1AE64}.Release|x86.Build.0 = Release|x86
		{FC069DC3-08AD-4EB9-B18C-E922E9D1AE64}.Release|x86.Deploy.0 = Release|x86
	EndGlobalSection
	GlobalSection(SolutionProperties) = preSolution
		HideSolutionNode = FALSE
	EndGlobalSection
	GlobalSection(ExtensibilityGlobals) = postSolution
		SolutionGuid = {70C7F8D6-3FAD-444E-8A2C-A9A5078BD4F2}
	EndGlobalSection
EndGlobal
