
Microsoft Visual Studio Solution File, Format Version 12.00
# Visual Studio 15
VisualStudioVersion = 15.0.26020.0
MinimumVisualStudioVersion = 10.0.40219.1
Project("{FAE04EC0-301F-11D3-BF4B-00C04F79EFBC}") = "RidoClassicWPF", "RidoClassicWPF\RidoClassicWPF.csproj", "{66E750A2-BCDC-4486-8252-8BF0693F2F25}"
	ProjectSection(ProjectDependencies) = postProject
		{1B265F44-0DCB-46CA-BD7F-2726E5BEB2B3} = {1B265F44-0DCB-46CA-BD7F-2726E5BEB2B3}
	EndProjectSection
EndProject
Project("{262852C6-CD72-467D-83FE-5EEB1973A190}") = "RidoClassicWPF.Package", "RidoClassicWPF.Package\RidoClassicWPF.Package.jsproj", "{46C707A0-C703-444F-A848-3181409242F1}"
	ProjectSection(ProjectDependencies) = postProject
		{66E750A2-BCDC-4486-8252-8BF0693F2F25} = {66E750A2-BCDC-4486-8252-8BF0693F2F25}
	EndProjectSection
EndProject
Project("{FAE04EC0-301F-11D3-BF4B-00C04F79EFBC}") = "RidoStatusChecker", "RidoStatusChecker\RidoStatusChecker.csproj", "{1B265F44-0DCB-46CA-BD7F-2726E5BEB2B3}"
EndProject
Project("{FAE04EC0-301F-11D3-BF4B-00C04F79EFBC}") = "BTTF.Debug", "BTTF.Debug\BTTF.Debug.vsdproj", "{5A132C06-3FFD-49B6-8F40-3CF89327467B}"
	ProjectSection(ProjectDependencies) = postProject
		{46C707A0-C703-444F-A848-3181409242F1} = {46C707A0-C703-444F-A848-3181409242F1}
	EndProjectSection
EndProject
Global
	GlobalSection(SolutionConfigurationPlatforms) = preSolution
		Debug|Any CPU = Debug|Any CPU
		Debug|ARM = Debug|ARM
		Debug|x64 = Debug|x64
		Debug|x86 = Debug|x86
		Release|Any CPU = Release|Any CPU
		Release|ARM = Release|ARM
		Release|x64 = Release|x64
		Release|x86 = Release|x86
	EndGlobalSection
	GlobalSection(ProjectConfigurationPlatforms) = postSolution
		{66E750A2-BCDC-4486-8252-8BF0693F2F25}.Debug|Any CPU.ActiveCfg = Debug|Any CPU
		{66E750A2-BCDC-4486-8252-8BF0693F2F25}.Debug|Any CPU.Build.0 = Debug|Any CPU
		{66E750A2-BCDC-4486-8252-8BF0693F2F25}.Debug|ARM.ActiveCfg = Debug|Any CPU
		{66E750A2-BCDC-4486-8252-8BF0693F2F25}.Debug|ARM.Build.0 = Debug|Any CPU
		{66E750A2-BCDC-4486-8252-8BF0693F2F25}.Debug|x64.ActiveCfg = Debug|Any CPU
		{66E750A2-BCDC-4486-8252-8BF0693F2F25}.Debug|x64.Build.0 = Debug|Any CPU
		{66E750A2-BCDC-4486-8252-8BF0693F2F25}.Debug|x86.ActiveCfg = Debug|Any CPU
		{66E750A2-BCDC-4486-8252-8BF0693F2F25}.Debug|x86.Build.0 = Debug|Any CPU
		{66E750A2-BCDC-4486-8252-8BF0693F2F25}.Release|Any CPU.ActiveCfg = Release|Any CPU
		{66E750A2-BCDC-4486-8252-8BF0693F2F25}.Release|Any CPU.Build.0 = Release|Any CPU
		{66E750A2-BCDC-4486-8252-8BF0693F2F25}.Release|ARM.ActiveCfg = Release|Any CPU
		{66E750A2-BCDC-4486-8252-8BF0693F2F25}.Release|ARM.Build.0 = Release|Any CPU
		{66E750A2-BCDC-4486-8252-8BF0693F2F25}.Release|x64.ActiveCfg = Release|Any CPU
		{66E750A2-BCDC-4486-8252-8BF0693F2F25}.Release|x64.Build.0 = Release|Any CPU
		{66E750A2-BCDC-4486-8252-8BF0693F2F25}.Release|x86.ActiveCfg = Release|Any CPU
		{66E750A2-BCDC-4486-8252-8BF0693F2F25}.Release|x86.Build.0 = Release|Any CPU
		{46C707A0-C703-444F-A848-3181409242F1}.Debug|Any CPU.ActiveCfg = Debug|Any CPU
		{46C707A0-C703-444F-A848-3181409242F1}.Debug|Any CPU.Build.0 = Debug|Any CPU
		{46C707A0-C703-444F-A848-3181409242F1}.Debug|Any CPU.Deploy.0 = Debug|Any CPU
		{46C707A0-C703-444F-A848-3181409242F1}.Debug|ARM.ActiveCfg = Debug|ARM
		{46C707A0-C703-444F-A848-3181409242F1}.Debug|ARM.Build.0 = Debug|ARM
		{46C707A0-C703-444F-A848-3181409242F1}.Debug|ARM.Deploy.0 = Debug|ARM
		{46C707A0-C703-444F-A848-3181409242F1}.Debug|x64.ActiveCfg = Debug|x64
		{46C707A0-C703-444F-A848-3181409242F1}.Debug|x64.Build.0 = Debug|x64
		{46C707A0-C703-444F-A848-3181409242F1}.Debug|x64.Deploy.0 = Debug|x64
		{46C707A0-C703-444F-A848-3181409242F1}.Debug|x86.ActiveCfg = Debug|x86
		{46C707A0-C703-444F-A848-3181409242F1}.Debug|x86.Build.0 = Debug|x86
		{46C707A0-C703-444F-A848-3181409242F1}.Debug|x86.Deploy.0 = Debug|x86
		{46C707A0-C703-444F-A848-3181409242F1}.Release|Any CPU.ActiveCfg = Release|Any CPU
		{46C707A0-C703-444F-A848-3181409242F1}.Release|Any CPU.Build.0 = Release|Any CPU
		{46C707A0-C703-444F-A848-3181409242F1}.Release|Any CPU.Deploy.0 = Release|Any CPU
		{46C707A0-C703-444F-A848-3181409242F1}.Release|ARM.ActiveCfg = Release|ARM
		{46C707A0-C703-444F-A848-3181409242F1}.Release|ARM.Build.0 = Release|ARM
		{46C707A0-C703-444F-A848-3181409242F1}.Release|ARM.Deploy.0 = Release|ARM
		{46C707A0-C703-444F-A848-3181409242F1}.Release|x64.ActiveCfg = Release|x64
		{46C707A0-C703-444F-A848-3181409242F1}.Release|x64.Build.0 = Release|x64
		{46C707A0-C703-444F-A848-3181409242F1}.Release|x64.Deploy.0 = Release|x64
		{46C707A0-C703-444F-A848-3181409242F1}.Release|x86.ActiveCfg = Release|x86
		{46C707A0-C703-444F-A848-3181409242F1}.Release|x86.Build.0 = Release|x86
		{46C707A0-C703-444F-A848-3181409242F1}.Release|x86.Deploy.0 = Release|x86
		{1B265F44-0DCB-46CA-BD7F-2726E5BEB2B3}.Debug|Any CPU.ActiveCfg = Debug|Any CPU
		{1B265F44-0DCB-46CA-BD7F-2726E5BEB2B3}.Debug|Any CPU.Build.0 = Debug|Any CPU
		{1B265F44-0DCB-46CA-BD7F-2726E5BEB2B3}.Debug|ARM.ActiveCfg = Debug|ARM
		{1B265F44-0DCB-46CA-BD7F-2726E5BEB2B3}.Debug|ARM.Build.0 = Debug|ARM
		{1B265F44-0DCB-46CA-BD7F-2726E5BEB2B3}.Debug|x64.ActiveCfg = Debug|x64
		{1B265F44-0DCB-46CA-BD7F-2726E5BEB2B3}.Debug|x64.Build.0 = Debug|x64
		{1B265F44-0DCB-46CA-BD7F-2726E5BEB2B3}.Debug|x86.ActiveCfg = Debug|x86
		{1B265F44-0DCB-46CA-BD7F-2726E5BEB2B3}.Debug|x86.Build.0 = Debug|x86
		{1B265F44-0DCB-46CA-BD7F-2726E5BEB2B3}.Release|Any CPU.ActiveCfg = Release|Any CPU
		{1B265F44-0DCB-46CA-BD7F-2726E5BEB2B3}.Release|Any CPU.Build.0 = Release|Any CPU
		{1B265F44-0DCB-46CA-BD7F-2726E5BEB2B3}.Release|ARM.ActiveCfg = Release|ARM
		{1B265F44-0DCB-46CA-BD7F-2726E5BEB2B3}.Release|ARM.Build.0 = Release|ARM
		{1B265F44-0DCB-46CA-BD7F-2726E5BEB2B3}.Release|x64.ActiveCfg = Release|x64
		{1B265F44-0DCB-46CA-BD7F-2726E5BEB2B3}.Release|x64.Build.0 = Release|x64
		{1B265F44-0DCB-46CA-BD7F-2726E5BEB2B3}.Release|x86.ActiveCfg = Release|x86
		{1B265F44-0DCB-46CA-BD7F-2726E5BEB2B3}.Release|x86.Build.0 = Release|x86
		{5A132C06-3FFD-49B6-8F40-3CF89327467B}.Debug|Any CPU.ActiveCfg = Debug|Any CPU
		{5A132C06-3FFD-49B6-8F40-3CF89327467B}.Debug|Any CPU.Build.0 = Debug|Any CPU
		{5A132C06-3FFD-49B6-8F40-3CF89327467B}.Debug|Any CPU.Deploy.0 = Debug|Any CPU
		{5A132C06-3FFD-49B6-8F40-3CF89327467B}.Debug|ARM.ActiveCfg = Debug|ARM
		{5A132C06-3FFD-49B6-8F40-3CF89327467B}.Debug|ARM.Build.0 = Debug|ARM
		{5A132C06-3FFD-49B6-8F40-3CF89327467B}.Debug|ARM.Deploy.0 = Debug|ARM
		{5A132C06-3FFD-49B6-8F40-3CF89327467B}.Debug|x64.ActiveCfg = Debug|x64
		{5A132C06-3FFD-49B6-8F40-3CF89327467B}.Debug|x64.Build.0 = Debug|x64
		{5A132C06-3FFD-49B6-8F40-3CF89327467B}.Debug|x64.Deploy.0 = Debug|x64
		{5A132C06-3FFD-49B6-8F40-3CF89327467B}.Debug|x86.ActiveCfg = Debug|x86
		{5A132C06-3FFD-49B6-8F40-3CF89327467B}.Debug|x86.Build.0 = Debug|x86
		{5A132C06-3FFD-49B6-8F40-3CF89327467B}.Debug|x86.Deploy.0 = Debug|x86
		{5A132C06-3FFD-49B6-8F40-3CF89327467B}.Release|Any CPU.ActiveCfg = Release|Any CPU
		{5A132C06-3FFD-49B6-8F40-3CF89327467B}.Release|Any CPU.Build.0 = Release|Any CPU
		{5A132C06-3FFD-49B6-8F40-3CF89327467B}.Release|Any CPU.Deploy.0 = Release|Any CPU
		{5A132C06-3FFD-49B6-8F40-3CF89327467B}.Release|ARM.ActiveCfg = Release|ARM
		{5A132C06-3FFD-49B6-8F40-3CF89327467B}.Release|ARM.Build.0 = Release|ARM
		{5A132C06-3FFD-49B6-8F40-3CF89327467B}.Release|ARM.Deploy.0 = Release|ARM
		{5A132C06-3FFD-49B6-8F40-3CF89327467B}.Release|x64.ActiveCfg = Release|x64
		{5A132C06-3FFD-49B6-8F40-3CF89327467B}.Release|x64.Build.0 = Release|x64
		{5A132C06-3FFD-49B6-8F40-3CF89327467B}.Release|x64.Deploy.0 = Release|x64
		{5A132C06-3FFD-49B6-8F40-3CF89327467B}.Release|x86.ActiveCfg = Release|x86
		{5A132C06-3FFD-49B6-8F40-3CF89327467B}.Release|x86.Build.0 = Release|x86
		{5A132C06-3FFD-49B6-8F40-3CF89327467B}.Release|x86.Deploy.0 = Release|x86
	EndGlobalSection
	GlobalSection(SolutionProperties) = preSolution
		HideSolutionNode = FALSE
	EndGlobalSection
EndGlobal
