
Microsoft Visual Studio Solution File, Format Version 12.00
# Visual Studio Version 16
VisualStudioVersion = 16.0.28427.125
MinimumVisualStudioVersion = 10.0.40219.1
Project("{9A19103F-16F7-4668-BE54-9A1E7A4F7556}") = "BackToTheFuture.Core", "BackToTheFuture.Wpf\BackToTheFuture.Core.csproj", "{05B0E671-60F4-4E8E-8E7A-326147E3581B}"
EndProject
Project("{C7167F0D-BC9F-4E6E-AFE1-012C56B48DB5}") = "BTTF.Core", "BTTF.Core\BTTF.Core.wapproj", "{314A4251-1323-4A19-B400-59AC96E5D17C}"
EndProject
Global
	GlobalSection(SolutionConfigurationPlatforms) = preSolution
		Debug|Any CPU = Debug|Any CPU
		Debug|x64 = Debug|x64
		Debug|x86 = Debug|x86
		Release|Any CPU = Release|Any CPU
		Release|x64 = Release|x64
		Release|x86 = Release|x86
	EndGlobalSection
	GlobalSection(ProjectConfigurationPlatforms) = postSolution
		{05B0E671-60F4-4E8E-8E7A-326147E3581B}.Debug|Any CPU.ActiveCfg = Debug|Any CPU
		{05B0E671-60F4-4E8E-8E7A-326147E3581B}.Debug|Any CPU.Build.0 = Debug|Any CPU
		{05B0E671-60F4-4E8E-8E7A-326147E3581B}.Debug|x64.ActiveCfg = Debug|x64
		{05B0E671-60F4-4E8E-8E7A-326147E3581B}.Debug|x64.Build.0 = Debug|x64
		{05B0E671-60F4-4E8E-8E7A-326147E3581B}.Debug|x86.ActiveCfg = Debug|Any CPU
		{05B0E671-60F4-4E8E-8E7A-326147E3581B}.Debug|x86.Build.0 = Debug|Any CPU
		{05B0E671-60F4-4E8E-8E7A-326147E3581B}.Release|Any CPU.ActiveCfg = Release|Any CPU
		{05B0E671-60F4-4E8E-8E7A-326147E3581B}.Release|Any CPU.Build.0 = Release|Any CPU
		{05B0E671-60F4-4E8E-8E7A-326147E3581B}.Release|x64.ActiveCfg = Release|Any CPU
		{05B0E671-60F4-4E8E-8E7A-326147E3581B}.Release|x64.Build.0 = Release|Any CPU
		{05B0E671-60F4-4E8E-8E7A-326147E3581B}.Release|x86.ActiveCfg = Release|Any CPU
		{05B0E671-60F4-4E8E-8E7A-326147E3581B}.Release|x86.Build.0 = Release|Any CPU
		{314A4251-1323-4A19-B400-59AC96E5D17C}.Debug|Any CPU.ActiveCfg = Debug|Any CPU
		{314A4251-1323-4A19-B400-59AC96E5D17C}.Debug|Any CPU.Build.0 = Debug|Any CPU
		{314A4251-1323-4A19-B400-59AC96E5D17C}.Debug|Any CPU.Deploy.0 = Debug|Any CPU
		{314A4251-1323-4A19-B400-59AC96E5D17C}.Debug|x64.ActiveCfg = Debug|x64
		{314A4251-1323-4A19-B400-59AC96E5D17C}.Debug|x64.Build.0 = Debug|x64
		{314A4251-1323-4A19-B400-59AC96E5D17C}.Debug|x64.Deploy.0 = Debug|x64
		{314A4251-1323-4A19-B400-59AC96E5D17C}.Debug|x86.ActiveCfg = Debug|x86
		{314A4251-1323-4A19-B400-59AC96E5D17C}.Debug|x86.Build.0 = Debug|x86
		{314A4251-1323-4A19-B400-59AC96E5D17C}.Debug|x86.Deploy.0 = Debug|x86
		{314A4251-1323-4A19-B400-59AC96E5D17C}.Release|Any CPU.ActiveCfg = Release|Any CPU
		{314A4251-1323-4A19-B400-59AC96E5D17C}.Release|Any CPU.Build.0 = Release|Any CPU
		{314A4251-1323-4A19-B400-59AC96E5D17C}.Release|Any CPU.Deploy.0 = Release|Any CPU
		{314A4251-1323-4A19-B400-59AC96E5D17C}.Release|x64.ActiveCfg = Release|x64
		{314A4251-1323-4A19-B400-59AC96E5D17C}.Release|x64.Build.0 = Release|x64
		{314A4251-1323-4A19-B400-59AC96E5D17C}.Release|x64.Deploy.0 = Release|x64
		{314A4251-1323-4A19-B400-59AC96E5D17C}.Release|x86.ActiveCfg = Release|x86
		{314A4251-1323-4A19-B400-59AC96E5D17C}.Release|x86.Build.0 = Release|x86
		{314A4251-1323-4A19-B400-59AC96E5D17C}.Release|x86.Deploy.0 = Release|x86
	EndGlobalSection
	GlobalSection(SolutionProperties) = preSolution
		HideSolutionNode = FALSE
	EndGlobalSection
	GlobalSection(ExtensibilityGlobals) = postSolution
		SolutionGuid = {CD91C26F-6295-4FFB-8E89-69D227A8CAD4}
	EndGlobalSection
EndGlobal
